
Microsoft Visual Studio Solution File, Format Version 12.00
# Visual Studio Version 16
VisualStudioVersion = 16.0.34301.259
MinimumVisualStudioVersion = 10.0.40219.1
Project("{FAE04EC0-301F-11D3-BF4B-00C04F79EFBC}") = "EmployeePortal_v1", "EmployeePortal_v1\EmployeePortal_v1.csproj", "{56E6113E-81F4-4000-ADB9-B6E4215EBEBE}"
EndProject
Global
	GlobalSection(SolutionConfigurationPlatforms) = preSolution
		Debug|Any CPU = Debug|Any CPU
		Release|Any CPU = Release|Any CPU
	EndGlobalSection
	GlobalSection(ProjectConfigurationPlatforms) = postSolution
		{56E6113E-81F4-4000-ADB9-B6E4215EBEBE}.Debug|Any CPU.ActiveCfg = Debug|Any CPU
		{56E6113E-81F4-4000-ADB9-B6E4215EBEBE}.Debug|Any CPU.Build.0 = Debug|Any CPU
		{56E6113E-81F4-4000-ADB9-B6E4215EBEBE}.Release|Any CPU.ActiveCfg = Release|Any CPU
		{56E6113E-81F4-4000-ADB9-B6E4215EBEBE}.Release|Any CPU.Build.0 = Release|Any CPU
	EndGlobalSection
	GlobalSection(SolutionProperties) = preSolution
		HideSolutionNode = FALSE
	EndGlobalSection
	GlobalSection(ExtensibilityGlobals) = postSolution
		SolutionGuid = {9681429D-E934-47A6-B076-301937EB67A9}
	EndGlobalSection
EndGlobal
